
Microsoft Visual Studio Solution File, Format Version 11.00
# Visual Studio 2010
Project("{FAE04EC0-301F-11D3-BF4B-00C04F79EFBC}") = "Aluno-Megaman", "Assembly-CSharp.csproj", "{C7D5B91D-C1A0-FF4B-F189-E6224151455F}"
EndProject
Project("{FAE04EC0-301F-11D3-BF4B-00C04F79EFBC}") = "Aluno-Megaman", "Assembly-CSharp-firstpass.csproj", "{9A5706C3-8848-5218-A9B8-E0913F483C02}"
EndProject
Project("{FAE04EC0-301F-11D3-BF4B-00C04F79EFBC}") = "Aluno-Megaman", "Assembly-CSharp-Editor-firstpass.csproj", "{F56F9D01-D3FF-BBD0-A5EF-428D5BBDEAD9}"
EndProject
Global
	GlobalSection(SolutionConfigurationPlatforms) = preSolution
		Debug|Any CPU = Debug|Any CPU
		Release|Any CPU = Release|Any CPU
	EndGlobalSection
	GlobalSection(ProjectConfigurationPlatforms) = postSolution
		{C7D5B91D-C1A0-FF4B-F189-E6224151455F}.Debug|Any CPU.ActiveCfg = Debug|Any CPU
		{C7D5B91D-C1A0-FF4B-F189-E6224151455F}.Debug|Any CPU.Build.0 = Debug|Any CPU
		{C7D5B91D-C1A0-FF4B-F189-E6224151455F}.Release|Any CPU.ActiveCfg = Release|Any CPU
		{C7D5B91D-C1A0-FF4B-F189-E6224151455F}.Release|Any CPU.Build.0 = Release|Any CPU
		{9A5706C3-8848-5218-A9B8-E0913F483C02}.Debug|Any CPU.ActiveCfg = Debug|Any CPU
		{9A5706C3-8848-5218-A9B8-E0913F483C02}.Debug|Any CPU.Build.0 = Debug|Any CPU
		{9A5706C3-8848-5218-A9B8-E0913F483C02}.Release|Any CPU.ActiveCfg = Release|Any CPU
		{9A5706C3-8848-5218-A9B8-E0913F483C02}.Release|Any CPU.Build.0 = Release|Any CPU
		{F56F9D01-D3FF-BBD0-A5EF-428D5BBDEAD9}.Debug|Any CPU.ActiveCfg = Debug|Any CPU
		{F56F9D01-D3FF-BBD0-A5EF-428D5BBDEAD9}.Debug|Any CPU.Build.0 = Debug|Any CPU
		{F56F9D01-D3FF-BBD0-A5EF-428D5BBDEAD9}.Release|Any CPU.ActiveCfg = Release|Any CPU
		{F56F9D01-D3FF-BBD0-A5EF-428D5BBDEAD9}.Release|Any CPU.Build.0 = Release|Any CPU
	EndGlobalSection
	GlobalSection(SolutionProperties) = preSolution
		HideSolutionNode = FALSE
	EndGlobalSection
	GlobalSection(MonoDevelopProperties) = preSolution
		StartupItem = Assembly-CSharp.csproj
	EndGlobalSection
EndGlobal
