
Microsoft Visual Studio Solution File, Format Version 11.00
# Visual Studio 2010
Project("{FAE04EC0-301F-11D3-BF4B-00C04F79EFBC}") = "MEGAMAN", "Assembly-CSharp-firstpass.csproj", "{592244A2-BF77-7DCA-A071-8F13708B2940}"
EndProject
Project("{FAE04EC0-301F-11D3-BF4B-00C04F79EFBC}") = "MEGAMAN", "Assembly-CSharp.csproj", "{DEF7DD7E-523D-FD31-7AA6-84673E7A3D8B}"
EndProject
Project("{FAE04EC0-301F-11D3-BF4B-00C04F79EFBC}") = "MEGAMAN", "Assembly-CSharp-Editor-firstpass.csproj", "{5055E116-06E2-6208-3F93-44FBA4000E5F}"
EndProject
Global
	GlobalSection(SolutionConfigurationPlatforms) = preSolution
		Debug|Any CPU = Debug|Any CPU
		Release|Any CPU = Release|Any CPU
	EndGlobalSection
	GlobalSection(ProjectConfigurationPlatforms) = postSolution
		{592244A2-BF77-7DCA-A071-8F13708B2940}.Debug|Any CPU.ActiveCfg = Debug|Any CPU
		{592244A2-BF77-7DCA-A071-8F13708B2940}.Debug|Any CPU.Build.0 = Debug|Any CPU
		{592244A2-BF77-7DCA-A071-8F13708B2940}.Release|Any CPU.ActiveCfg = Release|Any CPU
		{592244A2-BF77-7DCA-A071-8F13708B2940}.Release|Any CPU.Build.0 = Release|Any CPU
		{DEF7DD7E-523D-FD31-7AA6-84673E7A3D8B}.Debug|Any CPU.ActiveCfg = Debug|Any CPU
		{DEF7DD7E-523D-FD31-7AA6-84673E7A3D8B}.Debug|Any CPU.Build.0 = Debug|Any CPU
		{DEF7DD7E-523D-FD31-7AA6-84673E7A3D8B}.Release|Any CPU.ActiveCfg = Release|Any CPU
		{DEF7DD7E-523D-FD31-7AA6-84673E7A3D8B}.Release|Any CPU.Build.0 = Release|Any CPU
		{5055E116-06E2-6208-3F93-44FBA4000E5F}.Debug|Any CPU.ActiveCfg = Debug|Any CPU
		{5055E116-06E2-6208-3F93-44FBA4000E5F}.Debug|Any CPU.Build.0 = Debug|Any CPU
		{5055E116-06E2-6208-3F93-44FBA4000E5F}.Release|Any CPU.ActiveCfg = Release|Any CPU
		{5055E116-06E2-6208-3F93-44FBA4000E5F}.Release|Any CPU.Build.0 = Release|Any CPU
	EndGlobalSection
	GlobalSection(SolutionProperties) = preSolution
		HideSolutionNode = FALSE
	EndGlobalSection
	GlobalSection(MonoDevelopProperties) = preSolution
		StartupItem = Assembly-CSharp.csproj
	EndGlobalSection
EndGlobal
